
Microsoft Visual Studio Solution File, Format Version 12.00
# Visual Studio Version 17
VisualStudioVersion = 17.6.33815.320
MinimumVisualStudioVersion = 10.0.40219.1
Project("{888888A0-9F3D-457C-B088-3A5042F75D52}") = "final part 2", "final part 2\final part 2.pyproj", "{24DA003D-B3F3-4354-A9E3-B81C800C2846}"
EndProject
Global
	GlobalSection(SolutionConfigurationPlatforms) = preSolution
		Debug|Any CPU = Debug|Any CPU
		Release|Any CPU = Release|Any CPU
	EndGlobalSection
	GlobalSection(ProjectConfigurationPlatforms) = postSolution
		{24DA003D-B3F3-4354-A9E3-B81C800C2846}.Debug|Any CPU.ActiveCfg = Debug|Any CPU
		{24DA003D-B3F3-4354-A9E3-B81C800C2846}.Release|Any CPU.ActiveCfg = Release|Any CPU
	EndGlobalSection
	GlobalSection(SolutionProperties) = preSolution
		HideSolutionNode = FALSE
	EndGlobalSection
	GlobalSection(ExtensibilityGlobals) = postSolution
		SolutionGuid = {6092075D-242E-43EE-A174-E4CD12521149}
	EndGlobalSection
EndGlobal
